
Microsoft Visual Studio Solution File, Format Version 12.00
# Visual Studio Version 16
VisualStudioVersion = 16.0.29215.179
MinimumVisualStudioVersion = 10.0.40219.1
Project("{FAE04EC0-301F-11D3-BF4B-00C04F79EFBC}") = "Random_island", "Random_island\Random_island.csproj", "{9C015849-C304-46EB-BB9A-377A9A19400C}"
EndProject
Global
	GlobalSection(SolutionConfigurationPlatforms) = preSolution
		Debug|Any CPU = Debug|Any CPU
		Release|Any CPU = Release|Any CPU
	EndGlobalSection
	GlobalSection(ProjectConfigurationPlatforms) = postSolution
		{9C015849-C304-46EB-BB9A-377A9A19400C}.Debug|Any CPU.ActiveCfg = Debug|Any CPU
		{9C015849-C304-46EB-BB9A-377A9A19400C}.Debug|Any CPU.Build.0 = Debug|Any CPU
		{9C015849-C304-46EB-BB9A-377A9A19400C}.Release|Any CPU.ActiveCfg = Release|Any CPU
		{9C015849-C304-46EB-BB9A-377A9A19400C}.Release|Any CPU.Build.0 = Release|Any CPU
	EndGlobalSection
	GlobalSection(SolutionProperties) = preSolution
		HideSolutionNode = FALSE
	EndGlobalSection
	GlobalSection(ExtensibilityGlobals) = postSolution
		SolutionGuid = {985DBB96-BB75-4DBA-A8C4-D7C4B013BF92}
	EndGlobalSection
EndGlobal
